// !$*UTF8*$!
{
	archiveVersion = 1;
	classes = {
	};
	objectVersion = 55;
	objects = {

/* Begin PBXBuildFile section */
		6F2FD1FD28E76FDB00209AF9 /* FirebaseAppCheck in Frameworks */ = {isa = PBXBuildFile; productRef = 6F2FD1FC28E76FDB00209AF9 /* FirebaseAppCheck */; };
		6F2FD1FF28E76FDB00209AF9 /* FirebaseAuth in Frameworks */ = {isa = PBXBuildFile; productRef = 6F2FD1FE28E76FDB00209AF9 /* FirebaseAuth */; };
		6F2FD20128E76FDB00209AF9 /* FirebaseCrashlytics in Frameworks */ = {isa = PBXBuildFile; productRef = 6F2FD20028E76FDB00209AF9 /* FirebaseCrashlytics */; };
		6F2FD20328E76FDB00209AF9 /* FirebaseDatabaseSwift in Frameworks */ = {isa = PBXBuildFile; productRef = 6F2FD20228E76FDB00209AF9 /* FirebaseDatabaseSwift */; };
		6F2FD20528E76FDB00209AF9 /* FirebaseFirestore in Frameworks */ = {isa = PBXBuildFile; productRef = 6F2FD20428E76FDB00209AF9 /* FirebaseFirestore */; };
		6F2FD20728E76FDB00209AF9 /* FirebaseFirestoreCombine-Community in Frameworks */ = {isa = PBXBuildFile; productRef = 6F2FD20628E76FDB00209AF9 /* FirebaseFirestoreCombine-Community */; };
		6F2FD20928E76FDB00209AF9 /* FirebaseFirestoreSwift in Frameworks */ = {isa = PBXBuildFile; productRef = 6F2FD20828E76FDB00209AF9 /* FirebaseFirestoreSwift */; };
		6F2FD20B28E76FDB00209AF9 /* FirebaseFunctions in Frameworks */ = {isa = PBXBuildFile; productRef = 6F2FD20A28E76FDB00209AF9 /* FirebaseFunctions */; };
		6F2FD20D28E76FDB00209AF9 /* FirebasePerformance in Frameworks */ = {isa = PBXBuildFile; productRef = 6F2FD20C28E76FDB00209AF9 /* FirebasePerformance */; };
		6F2FD20F28E76FDB00209AF9 /* FirebaseStorage in Frameworks */ = {isa = PBXBuildFile; productRef = 6F2FD20E28E76FDB00209AF9 /* FirebaseStorage */; };
		6F2FD21228E7722700209AF9 /* Kingfisher in Frameworks */ = {isa = PBXBuildFile; productRef = 6F2FD21128E7722700209AF9 /* Kingfisher */; };
		6FBF6FDC28D307FD0045B3C0 /* WELLPLAYApp.swift in Sources */ = {isa = PBXBuildFile; fileRef = 6FBF6FDB28D307FD0045B3C0 /* WELLPLAYApp.swift */; };
		6FBF6FE028D307FE0045B3C0 /* Assets.xcassets in Resources */ = {isa = PBXBuildFile; fileRef = 6FBF6FDF28D307FE0045B3C0 /* Assets.xcassets */; };
		6FBF6FEA28D308BB0045B3C0 /* GoogleService-Info.plist in Resources */ = {isa = PBXBuildFile; fileRef = 6FBF6FE928D308BB0045B3C0 /* GoogleService-Info.plist */; };
		6FBF6FED28D309380045B3C0 /* SearchView.swift in Sources */ = {isa = PBXBuildFile; fileRef = 6FBF6FEC28D309380045B3C0 /* SearchView.swift */; };
		6FBF700728D3A9CF0045B3C0 /* ProfileView.swift in Sources */ = {isa = PBXBuildFile; fileRef = 6FBF700628D3A9CF0045B3C0 /* ProfileView.swift */; };
		6FBF700928D3A9DA0045B3C0 /* ChatLogView.swift in Sources */ = {isa = PBXBuildFile; fileRef = 6FBF700828D3A9DA0045B3C0 /* ChatLogView.swift */; };
		6FBF700B28D3A9E60045B3C0 /* AllConversationsView.swift in Sources */ = {isa = PBXBuildFile; fileRef = 6FBF700A28D3A9E60045B3C0 /* AllConversationsView.swift */; };
		6FBF700E28D3AB110045B3C0 /* PhotoPicker.swift in Sources */ = {isa = PBXBuildFile; fileRef = 6FBF700D28D3AB110045B3C0 /* PhotoPicker.swift */; };
		6FBF701028D3AB2E0045B3C0 /* ProfilePhotoSelectorView.swift in Sources */ = {isa = PBXBuildFile; fileRef = 6FBF700F28D3AB2E0045B3C0 /* ProfilePhotoSelectorView.swift */; };
		6FBF701228D3AB5C0045B3C0 /* PhotoUploader.swift in Sources */ = {isa = PBXBuildFile; fileRef = 6FBF701128D3AB5C0045B3C0 /* PhotoUploader.swift */; };
		6FBF701528D3AB800045B3C0 /* AppViewModel.swift in Sources */ = {isa = PBXBuildFile; fileRef = 6FBF701428D3AB800045B3C0 /* AppViewModel.swift */; };
		6FBF701828D3ABA00045B3C0 /* HomeView.swift in Sources */ = {isa = PBXBuildFile; fileRef = 6FBF701728D3ABA00045B3C0 /* HomeView.swift */; };
		6FBF701A28D3ABB50045B3C0 /* FirstPageView.swift in Sources */ = {isa = PBXBuildFile; fileRef = 6FBF701928D3ABB50045B3C0 /* FirstPageView.swift */; };
		6FBF701C28D3ABC90045B3C0 /* SignUpView.swift in Sources */ = {isa = PBXBuildFile; fileRef = 6FBF701B28D3ABC90045B3C0 /* SignUpView.swift */; };
		6FBF701E28D3ABDF0045B3C0 /* SignInView.swift in Sources */ = {isa = PBXBuildFile; fileRef = 6FBF701D28D3ABDF0045B3C0 /* SignInView.swift */; };
		6FBF702028D3ABF50045B3C0 /* ZeroPage.swift in Sources */ = {isa = PBXBuildFile; fileRef = 6FBF701F28D3ABF50045B3C0 /* ZeroPage.swift */; };
		6FBF702528D3AC2C0045B3C0 /* User.swift in Sources */ = {isa = PBXBuildFile; fileRef = 6FBF702428D3AC2C0045B3C0 /* User.swift */; };
		6FBF702728D3AC4F0045B3C0 /* Message.swift in Sources */ = {isa = PBXBuildFile; fileRef = 6FBF702628D3AC4F0045B3C0 /* Message.swift */; };
		6FFE548A28E29F6E00218907 /* EditProfile.swift in Sources */ = {isa = PBXBuildFile; fileRef = 6FFE548928E29F6E00218907 /* EditProfile.swift */; };
/* End PBXBuildFile section */

/* Begin PBXFileReference section */
		6FBF6FD828D307FD0045B3C0 /* WELLPLAY.app */ = {isa = PBXFileReference; explicitFileType = wrapper.application; includeInIndex = 0; path = WELLPLAY.app; sourceTree = BUILT_PRODUCTS_DIR; };
		6FBF6FDB28D307FD0045B3C0 /* WELLPLAYApp.swift */ = {isa = PBXFileReference; lastKnownFileType = sourcecode.swift; path = WELLPLAYApp.swift; sourceTree = "<group>"; };
		6FBF6FDF28D307FE0045B3C0 /* Assets.xcassets */ = {isa = PBXFileReference; lastKnownFileType = folder.assetcatalog; path = Assets.xcassets; sourceTree = "<group>"; };
		6FBF6FE928D308BB0045B3C0 /* GoogleService-Info.plist */ = {isa = PBXFileReference; lastKnownFileType = text.plist; path = "GoogleService-Info.plist"; sourceTree = SOURCE_ROOT; };
		6FBF6FEC28D309380045B3C0 /* SearchView.swift */ = {isa = PBXFileReference; lastKnownFileType = sourcecode.swift; path = SearchView.swift; sourceTree = "<group>"; };
		6FBF700628D3A9CF0045B3C0 /* ProfileView.swift */ = {isa = PBXFileReference; lastKnownFileType = sourcecode.swift; path = ProfileView.swift; sourceTree = "<group>"; };
		6FBF700828D3A9DA0045B3C0 /* ChatLogView.swift */ = {isa = PBXFileReference; lastKnownFileType = sourcecode.swift; path = ChatLogView.swift; sourceTree = "<group>"; };
		6FBF700A28D3A9E60045B3C0 /* AllConversationsView.swift */ = {isa = PBXFileReference; lastKnownFileType = sourcecode.swift; path = AllConversationsView.swift; sourceTree = "<group>"; };
		6FBF700D28D3AB110045B3C0 /* PhotoPicker.swift */ = {isa = PBXFileReference; lastKnownFileType = sourcecode.swift; path = PhotoPicker.swift; sourceTree = "<group>"; };
		6FBF700F28D3AB2E0045B3C0 /* ProfilePhotoSelectorView.swift */ = {isa = PBXFileReference; lastKnownFileType = sourcecode.swift; path = ProfilePhotoSelectorView.swift; sourceTree = "<group>"; };
		6FBF701128D3AB5C0045B3C0 /* PhotoUploader.swift */ = {isa = PBXFileReference; lastKnownFileType = sourcecode.swift; path = PhotoUploader.swift; sourceTree = "<group>"; };
		6FBF701428D3AB800045B3C0 /* AppViewModel.swift */ = {isa = PBXFileReference; lastKnownFileType = sourcecode.swift; path = AppViewModel.swift; sourceTree = "<group>"; };
		6FBF701728D3ABA00045B3C0 /* HomeView.swift */ = {isa = PBXFileReference; lastKnownFileType = sourcecode.swift; path = HomeView.swift; sourceTree = "<group>"; };
		6FBF701928D3ABB50045B3C0 /* FirstPageView.swift */ = {isa = PBXFileReference; lastKnownFileType = sourcecode.swift; path = FirstPageView.swift; sourceTree = "<group>"; };
		6FBF701B28D3ABC90045B3C0 /* SignUpView.swift */ = {isa = PBXFileReference; lastKnownFileType = sourcecode.swift; path = SignUpView.swift; sourceTree = "<group>"; };
		6FBF701D28D3ABDF0045B3C0 /* SignInView.swift */ = {isa = PBXFileReference; lastKnownFileType = sourcecode.swift; path = SignInView.swift; sourceTree = "<group>"; };
		6FBF701F28D3ABF50045B3C0 /* ZeroPage.swift */ = {isa = PBXFileReference; lastKnownFileType = sourcecode.swift; path = ZeroPage.swift; sourceTree = "<group>"; };
		6FBF702428D3AC2C0045B3C0 /* User.swift */ = {isa = PBXFileReference; lastKnownFileType = sourcecode.swift; path = User.swift; sourceTree = "<group>"; };
		6FBF702628D3AC4F0045B3C0 /* Message.swift */ = {isa = PBXFileReference; lastKnownFileType = sourcecode.swift; path = Message.swift; sourceTree = "<group>"; };
		6FFE548928E29F6E00218907 /* EditProfile.swift */ = {isa = PBXFileReference; lastKnownFileType = sourcecode.swift; path = EditProfile.swift; sourceTree = "<group>"; };
/* End PBXFileReference section */

/* Begin PBXFrameworksBuildPhase section */
		6FBF6FD528D307FD0045B3C0 /* Frameworks */ = {
			isa = PBXFrameworksBuildPhase;
			buildActionMask = 2147483647;
			files = (
				6F2FD20328E76FDB00209AF9 /* FirebaseDatabaseSwift in Frameworks */,
				6F2FD1FD28E76FDB00209AF9 /* FirebaseAppCheck in Frameworks */,
				6F2FD20D28E76FDB00209AF9 /* FirebasePerformance in Frameworks */,
				6F2FD20128E76FDB00209AF9 /* FirebaseCrashlytics in Frameworks */,
				6F2FD20B28E76FDB00209AF9 /* FirebaseFunctions in Frameworks */,
				6F2FD1FF28E76FDB00209AF9 /* FirebaseAuth in Frameworks */,
				6F2FD20528E76FDB00209AF9 /* FirebaseFirestore in Frameworks */,
				6F2FD20F28E76FDB00209AF9 /* FirebaseStorage in Frameworks */,
				6F2FD21228E7722700209AF9 /* Kingfisher in Frameworks */,
				6F2FD20728E76FDB00209AF9 /* FirebaseFirestoreCombine-Community in Frameworks */,
				6F2FD20928E76FDB00209AF9 /* FirebaseFirestoreSwift in Frameworks */,
			);
			runOnlyForDeploymentPostprocessing = 0;
		};
/* End PBXFrameworksBuildPhase section */

/* Begin PBXGroup section */
		6FBF6FCF28D307FD0045B3C0 = {
			isa = PBXGroup;
			children = (
				6FBF6FDA28D307FD0045B3C0 /* WELLPLAY */,
				6FBF6FD928D307FD0045B3C0 /* Products */,
			);
			sourceTree = "<group>";
		};
		6FBF6FD928D307FD0045B3C0 /* Products */ = {
			isa = PBXGroup;
			children = (
				6FBF6FD828D307FD0045B3C0 /* WELLPLAY.app */,
			);
			name = Products;
			sourceTree = "<group>";
		};
		6FBF6FDA28D307FD0045B3C0 /* WELLPLAY */ = {
			isa = PBXGroup;
			children = (
				6FBF702128D3AC030045B3C0 /* Models */,
				6FBF701628D3AB900045B3C0 /* FirstPages */,
				6FBF701328D3AB720045B3C0 /* ViewModel */,
				6FBF700C28D3AAFF0045B3C0 /* PhotoHandling */,
				6FBF6FEB28D309250045B3C0 /* MainViews */,
				6FBF6FDB28D307FD0045B3C0 /* WELLPLAYApp.swift */,
				6FBF6FDF28D307FE0045B3C0 /* Assets.xcassets */,
				6FBF6FE928D308BB0045B3C0 /* GoogleService-Info.plist */,
			);
			path = WELLPLAY;
			sourceTree = "<group>";
		};
		6FBF6FEB28D309250045B3C0 /* MainViews */ = {
			isa = PBXGroup;
			children = (
				6FBF6FEC28D309380045B3C0 /* SearchView.swift */,
				6FBF700628D3A9CF0045B3C0 /* ProfileView.swift */,
				6FBF700828D3A9DA0045B3C0 /* ChatLogView.swift */,
				6FBF700A28D3A9E60045B3C0 /* AllConversationsView.swift */,
				6FFE548928E29F6E00218907 /* EditProfile.swift */,
			);
			path = MainViews;
			sourceTree = "<group>";
		};
		6FBF700C28D3AAFF0045B3C0 /* PhotoHandling */ = {
			isa = PBXGroup;
			children = (
				6FBF700D28D3AB110045B3C0 /* PhotoPicker.swift */,
				6FBF700F28D3AB2E0045B3C0 /* ProfilePhotoSelectorView.swift */,
				6FBF701128D3AB5C0045B3C0 /* PhotoUploader.swift */,
			);
			path = PhotoHandling;
			sourceTree = "<group>";
		};
		6FBF701328D3AB720045B3C0 /* ViewModel */ = {
			isa = PBXGroup;
			children = (
				6FBF701428D3AB800045B3C0 /* AppViewModel.swift */,
			);
			path = ViewModel;
			sourceTree = "<group>";
		};
		6FBF701628D3AB900045B3C0 /* FirstPages */ = {
			isa = PBXGroup;
			children = (
				6FBF701728D3ABA00045B3C0 /* HomeView.swift */,
				6FBF701928D3ABB50045B3C0 /* FirstPageView.swift */,
				6FBF701B28D3ABC90045B3C0 /* SignUpView.swift */,
				6FBF701D28D3ABDF0045B3C0 /* SignInView.swift */,
				6FBF701F28D3ABF50045B3C0 /* ZeroPage.swift */,
			);
			path = FirstPages;
			sourceTree = "<group>";
		};
		6FBF702128D3AC030045B3C0 /* Models */ = {
			isa = PBXGroup;
			children = (
				6FBF702428D3AC2C0045B3C0 /* User.swift */,
				6FBF702628D3AC4F0045B3C0 /* Message.swift */,
			);
			path = Models;
			sourceTree = "<group>";
		};
/* End PBXGroup section */

/* Begin PBXNativeTarget section */
		6FBF6FD728D307FD0045B3C0 /* WELLPLAY */ = {
			isa = PBXNativeTarget;
			buildConfigurationList = 6FBF6FE628D307FE0045B3C0 /* Build configuration list for PBXNativeTarget "WELLPLAY" */;
			buildPhases = (
				6FBF6FD428D307FD0045B3C0 /* Sources */,
				6FBF6FD528D307FD0045B3C0 /* Frameworks */,
				6FBF6FD628D307FD0045B3C0 /* Resources */,
			);
			buildRules = (
			);
			dependencies = (
			);
			name = WELLPLAY;
			packageProductDependencies = (
				6F2FD1FC28E76FDB00209AF9 /* FirebaseAppCheck */,
				6F2FD1FE28E76FDB00209AF9 /* FirebaseAuth */,
				6F2FD20028E76FDB00209AF9 /* FirebaseCrashlytics */,
				6F2FD20228E76FDB00209AF9 /* FirebaseDatabaseSwift */,
				6F2FD20428E76FDB00209AF9 /* FirebaseFirestore */,
				6F2FD20628E76FDB00209AF9 /* FirebaseFirestoreCombine-Community */,
				6F2FD20828E76FDB00209AF9 /* FirebaseFirestoreSwift */,
				6F2FD20A28E76FDB00209AF9 /* FirebaseFunctions */,
				6F2FD20C28E76FDB00209AF9 /* FirebasePerformance */,
				6F2FD20E28E76FDB00209AF9 /* FirebaseStorage */,
				6F2FD21128E7722700209AF9 /* Kingfisher */,
			);
			productName = WELLPLAY;
			productReference = 6FBF6FD828D307FD0045B3C0 /* WELLPLAY.app */;
			productType = "com.apple.product-type.application";
		};
/* End PBXNativeTarget section */

/* Begin PBXProject section */
		6FBF6FD028D307FD0045B3C0 /* Project object */ = {
			isa = PBXProject;
			attributes = {
				BuildIndependentTargetsInParallel = 1;
				LastSwiftUpdateCheck = 1340;
				LastUpgradeCheck = 1340;
				TargetAttributes = {
					6FBF6FD728D307FD0045B3C0 = {
						CreatedOnToolsVersion = 13.4.1;
					};
				};
			};
			buildConfigurationList = 6FBF6FD328D307FD0045B3C0 /* Build configuration list for PBXProject "WELLPLAY" */;
			compatibilityVersion = "Xcode 13.0";
			developmentRegion = en;
			hasScannedForEncodings = 0;
			knownRegions = (
				en,
				Base,
			);
			mainGroup = 6FBF6FCF28D307FD0045B3C0;
			packageReferences = (
				6F2FD1FB28E76FDB00209AF9 /* XCRemoteSwiftPackageReference "firebase-ios-sdk" */,
				6F2FD21028E7722700209AF9 /* XCRemoteSwiftPackageReference "Kingfisher" */,
			);
			productRefGroup = 6FBF6FD928D307FD0045B3C0 /* Products */;
			projectDirPath = "";
			projectRoot = "";
			targets = (
				6FBF6FD728D307FD0045B3C0 /* WELLPLAY */,
			);
		};
/* End PBXProject section */

/* Begin PBXResourcesBuildPhase section */
		6FBF6FD628D307FD0045B3C0 /* Resources */ = {
			isa = PBXResourcesBuildPhase;
			buildActionMask = 2147483647;
			files = (
				6FBF6FE028D307FE0045B3C0 /* Assets.xcassets in Resources */,
				6FBF6FEA28D308BB0045B3C0 /* GoogleService-Info.plist in Resources */,
			);
			runOnlyForDeploymentPostprocessing = 0;
		};
/* End PBXResourcesBuildPhase section */

/* Begin PBXSourcesBuildPhase section */
		6FBF6FD428D307FD0045B3C0 /* Sources */ = {
			isa = PBXSourcesBuildPhase;
			buildActionMask = 2147483647;
			files = (
				6FBF6FED28D309380045B3C0 /* SearchView.swift in Sources */,
				6FBF700B28D3A9E60045B3C0 /* AllConversationsView.swift in Sources */,
				6FBF701528D3AB800045B3C0 /* AppViewModel.swift in Sources */,
				6FBF702728D3AC4F0045B3C0 /* Message.swift in Sources */,
				6FBF702528D3AC2C0045B3C0 /* User.swift in Sources */,
				6FBF701828D3ABA00045B3C0 /* HomeView.swift in Sources */,
				6FBF701C28D3ABC90045B3C0 /* SignUpView.swift in Sources */,
				6FBF701028D3AB2E0045B3C0 /* ProfilePhotoSelectorView.swift in Sources */,
				6FBF702028D3ABF50045B3C0 /* ZeroPage.swift in Sources */,
				6FBF700E28D3AB110045B3C0 /* PhotoPicker.swift in Sources */,
				6FBF701E28D3ABDF0045B3C0 /* SignInView.swift in Sources */,
				6FBF701A28D3ABB50045B3C0 /* FirstPageView.swift in Sources */,
				6FBF701228D3AB5C0045B3C0 /* PhotoUploader.swift in Sources */,
				6FBF700928D3A9DA0045B3C0 /* ChatLogView.swift in Sources */,
				6FBF700728D3A9CF0045B3C0 /* ProfileView.swift in Sources */,
				6FBF6FDC28D307FD0045B3C0 /* WELLPLAYApp.swift in Sources */,
				6FFE548A28E29F6E00218907 /* EditProfile.swift in Sources */,
			);
			runOnlyForDeploymentPostprocessing = 0;
		};
/* End PBXSourcesBuildPhase section */

/* Begin XCBuildConfiguration section */
		6FBF6FE428D307FE0045B3C0 /* Debug */ = {
			isa = XCBuildConfiguration;
			buildSettings = {
				ALWAYS_SEARCH_USER_PATHS = NO;
				CLANG_ANALYZER_NONNULL = YES;
				CLANG_ANALYZER_NUMBER_OBJECT_CONVERSION = YES_AGGRESSIVE;
				CLANG_CXX_LANGUAGE_STANDARD = "gnu++17";
				CLANG_ENABLE_MODULES = YES;
				CLANG_ENABLE_OBJC_ARC = YES;
				CLANG_ENABLE_OBJC_WEAK = YES;
				CLANG_WARN_BLOCK_CAPTURE_AUTORELEASING = YES;
				CLANG_WARN_BOOL_CONVERSION = YES;
				CLANG_WARN_COMMA = YES;
				CLANG_WARN_CONSTANT_CONVERSION = YES;
				CLANG_WARN_DEPRECATED_OBJC_IMPLEMENTATIONS = YES;
				CLANG_WARN_DIRECT_OBJC_ISA_USAGE = YES_ERROR;
				CLANG_WARN_DOCUMENTATION_COMMENTS = YES;
				CLANG_WARN_EMPTY_BODY = YES;
				CLANG_WARN_ENUM_CONVERSION = YES;
				CLANG_WARN_INFINITE_RECURSION = YES;
				CLANG_WARN_INT_CONVERSION = YES;
				CLANG_WARN_NON_LITERAL_NULL_CONVERSION = YES;
				CLANG_WARN_OBJC_IMPLICIT_RETAIN_SELF = YES;
				CLANG_WARN_OBJC_LITERAL_CONVERSION = YES;
				CLANG_WARN_OBJC_ROOT_CLASS = YES_ERROR;
				CLANG_WARN_QUOTED_INCLUDE_IN_FRAMEWORK_HEADER = YES;
				CLANG_WARN_RANGE_LOOP_ANALYSIS = YES;
				CLANG_WARN_STRICT_PROTOTYPES = YES;
				CLANG_WARN_SUSPICIOUS_MOVE = YES;
				CLANG_WARN_UNGUARDED_AVAILABILITY = YES_AGGRESSIVE;
				CLANG_WARN_UNREACHABLE_CODE = YES;
				CLANG_WARN__DUPLICATE_METHOD_MATCH = YES;
				COPY_PHASE_STRIP = NO;
				DEBUG_INFORMATION_FORMAT = dwarf;
				ENABLE_STRICT_OBJC_MSGSEND = YES;
				ENABLE_TESTABILITY = YES;
				GCC_C_LANGUAGE_STANDARD = gnu11;
				GCC_DYNAMIC_NO_PIC = NO;
				GCC_NO_COMMON_BLOCKS = YES;
				GCC_OPTIMIZATION_LEVEL = 0;
				GCC_PREPROCESSOR_DEFINITIONS = (
					"DEBUG=1",
					"$(inherited)",
				);
				GCC_WARN_64_TO_32_BIT_CONVERSION = YES;
				GCC_WARN_ABOUT_RETURN_TYPE = YES_ERROR;
				GCC_WARN_UNDECLARED_SELECTOR = YES;
				GCC_WARN_UNINITIALIZED_AUTOS = YES_AGGRESSIVE;
				GCC_WARN_UNUSED_FUNCTION = YES;
				GCC_WARN_UNUSED_VARIABLE = YES;
				IPHONEOS_DEPLOYMENT_TARGET = 15.5;
				MTL_ENABLE_DEBUG_INFO = INCLUDE_SOURCE;
				MTL_FAST_MATH = YES;
				ONLY_ACTIVE_ARCH = YES;
				SDKROOT = iphoneos;
				SWIFT_ACTIVE_COMPILATION_CONDITIONS = DEBUG;
				SWIFT_OPTIMIZATION_LEVEL = "-Onone";
			};
			name = Debug;
		};
		6FBF6FE528D307FE0045B3C0 /* Release */ = {
			isa = XCBuildConfiguration;
			buildSettings = {
				ALWAYS_SEARCH_USER_PATHS = NO;
				CLANG_ANALYZER_NONNULL = YES;
				CLANG_ANALYZER_NUMBER_OBJECT_CONVERSION = YES_AGGRESSIVE;
				CLANG_CXX_LANGUAGE_STANDARD = "gnu++17";
				CLANG_ENABLE_MODULES = YES;
				CLANG_ENABLE_OBJC_ARC = YES;
				CLANG_ENABLE_OBJC_WEAK = YES;
				CLANG_WARN_BLOCK_CAPTURE_AUTORELEASING = YES;
				CLANG_WARN_BOOL_CONVERSION = YES;
				CLANG_WARN_COMMA = YES;
				CLANG_WARN_CONSTANT_CONVERSION = YES;
				CLANG_WARN_DEPRECATED_OBJC_IMPLEMENTATIONS = YES;
				CLANG_WARN_DIRECT_OBJC_ISA_USAGE = YES_ERROR;
				CLANG_WARN_DOCUMENTATION_COMMENTS = YES;
				CLANG_WARN_EMPTY_BODY = YES;
				CLANG_WARN_ENUM_CONVERSION = YES;
				CLANG_WARN_INFINITE_RECURSION = YES;
				CLANG_WARN_INT_CONVERSION = YES;
				CLANG_WARN_NON_LITERAL_NULL_CONVERSION = YES;
				CLANG_WARN_OBJC_IMPLICIT_RETAIN_SELF = YES;
				CLANG_WARN_OBJC_LITERAL_CONVERSION = YES;
				CLANG_WARN_OBJC_ROOT_CLASS = YES_ERROR;
				CLANG_WARN_QUOTED_INCLUDE_IN_FRAMEWORK_HEADER = YES;
				CLANG_WARN_RANGE_LOOP_ANALYSIS = YES;
				CLANG_WARN_STRICT_PROTOTYPES = YES;
				CLANG_WARN_SUSPICIOUS_MOVE = YES;
				CLANG_WARN_UNGUARDED_AVAILABILITY = YES_AGGRESSIVE;
				CLANG_WARN_UNREACHABLE_CODE = YES;
				CLANG_WARN__DUPLICATE_METHOD_MATCH = YES;
				COPY_PHASE_STRIP = NO;
				DEBUG_INFORMATION_FORMAT = "dwarf-with-dsym";
				ENABLE_NS_ASSERTIONS = NO;
				ENABLE_STRICT_OBJC_MSGSEND = YES;
				GCC_C_LANGUAGE_STANDARD = gnu11;
				GCC_NO_COMMON_BLOCKS = YES;
				GCC_WARN_64_TO_32_BIT_CONVERSION = YES;
				GCC_WARN_ABOUT_RETURN_TYPE = YES_ERROR;
				GCC_WARN_UNDECLARED_SELECTOR = YES;
				GCC_WARN_UNINITIALIZED_AUTOS = YES_AGGRESSIVE;
				GCC_WARN_UNUSED_FUNCTION = YES;
				GCC_WARN_UNUSED_VARIABLE = YES;
				IPHONEOS_DEPLOYMENT_TARGET = 15.5;
				MTL_ENABLE_DEBUG_INFO = NO;
				MTL_FAST_MATH = YES;
				SDKROOT = iphoneos;
				SWIFT_COMPILATION_MODE = wholemodule;
				SWIFT_OPTIMIZATION_LEVEL = "-O";
				VALIDATE_PRODUCT = YES;
			};
			name = Release;
		};
		6FBF6FE728D307FE0045B3C0 /* Debug */ = {
			isa = XCBuildConfiguration;
			buildSettings = {
				ASSETCATALOG_COMPILER_APPICON_NAME = AppIcon;
				ASSETCATALOG_COMPILER_GLOBAL_ACCENT_COLOR_NAME = AccentColor;
				CODE_SIGN_STYLE = Automatic;
				CURRENT_PROJECT_VERSION = 1;
				DEVELOPMENT_ASSET_PATHS = "\"WELLPLAY/Preview Content\"";
				DEVELOPMENT_TEAM = DQHBLN3WJ2;
				ENABLE_PREVIEWS = YES;
				GENERATE_INFOPLIST_FILE = YES;
				INFOPLIST_KEY_UIApplicationSceneManifest_Generation = YES;
				INFOPLIST_KEY_UIApplicationSupportsIndirectInputEvents = YES;
				INFOPLIST_KEY_UILaunchScreen_Generation = YES;
				INFOPLIST_KEY_UISupportedInterfaceOrientations_iPad = "UIInterfaceOrientationPortrait UIInterfaceOrientationPortraitUpsideDown UIInterfaceOrientationLandscapeLeft UIInterfaceOrientationLandscapeRight";
				INFOPLIST_KEY_UISupportedInterfaceOrientations_iPhone = "UIInterfaceOrientationPortrait UIInterfaceOrientationLandscapeLeft UIInterfaceOrientationLandscapeRight";
				LD_RUNPATH_SEARCH_PATHS = (
					"$(inherited)",
					"@executable_path/Frameworks",
				);
				MARKETING_VERSION = 1.0;
				PRODUCT_BUNDLE_IDENTIFIER = com.nataliyadurdyeva.WELLPLAY;
				PRODUCT_NAME = "$(TARGET_NAME)";
				SWIFT_EMIT_LOC_STRINGS = YES;
				SWIFT_VERSION = 5.0;
				TARGETED_DEVICE_FAMILY = "1,2";
			};
			name = Debug;
		};
		6FBF6FE828D307FE0045B3C0 /* Release */ = {
			isa = XCBuildConfiguration;
			buildSettings = {
				ASSETCATALOG_COMPILER_APPICON_NAME = AppIcon;
				ASSETCATALOG_COMPILER_GLOBAL_ACCENT_COLOR_NAME = AccentColor;
				CODE_SIGN_STYLE = Automatic;
				CURRENT_PROJECT_VERSION = 1;
				DEVELOPMENT_ASSET_PATHS = "\"WELLPLAY/Preview Content\"";
				DEVELOPMENT_TEAM = DQHBLN3WJ2;
				ENABLE_PREVIEWS = YES;
				GENERATE_INFOPLIST_FILE = YES;
				INFOPLIST_KEY_UIApplicationSceneManifest_Generation = YES;
				INFOPLIST_KEY_UIApplicationSupportsIndirectInputEvents = YES;
				INFOPLIST_KEY_UILaunchScreen_Generation = YES;
				INFOPLIST_KEY_UISupportedInterfaceOrientations_iPad = "UIInterfaceOrientationPortrait UIInterfaceOrientationPortraitUpsideDown UIInterfaceOrientationLandscapeLeft UIInterfaceOrientationLandscapeRight";
				INFOPLIST_KEY_UISupportedInterfaceOrientations_iPhone = "UIInterfaceOrientationPortrait UIInterfaceOrientationLandscapeLeft UIInterfaceOrientationLandscapeRight";
				LD_RUNPATH_SEARCH_PATHS = (
					"$(inherited)",
					"@executable_path/Frameworks",
				);
				MARKETING_VERSION = 1.0;
				PRODUCT_BUNDLE_IDENTIFIER = com.nataliyadurdyeva.WELLPLAY;
				PRODUCT_NAME = "$(TARGET_NAME)";
				SWIFT_EMIT_LOC_STRINGS = YES;
				SWIFT_VERSION = 5.0;
				TARGETED_DEVICE_FAMILY = "1,2";
			};
			name = Release;
		};
/* End XCBuildConfiguration section */

/* Begin XCConfigurationList section */
		6FBF6FD328D307FD0045B3C0 /* Build configuration list for PBXProject "WELLPLAY" */ = {
			isa = XCConfigurationList;
			buildConfigurations = (
				6FBF6FE428D307FE0045B3C0 /* Debug */,
				6FBF6FE528D307FE0045B3C0 /* Release */,
			);
			defaultConfigurationIsVisible = 0;
			defaultConfigurationName = Release;
		};
		6FBF6FE628D307FE0045B3C0 /* Build configuration list for PBXNativeTarget "WELLPLAY" */ = {
			isa = XCConfigurationList;
			buildConfigurations = (
				6FBF6FE728D307FE0045B3C0 /* Debug */,
				6FBF6FE828D307FE0045B3C0 /* Release */,
			);
			defaultConfigurationIsVisible = 0;
			defaultConfigurationName = Release;
		};
/* End XCConfigurationList section */

/* Begin XCRemoteSwiftPackageReference section */
		6F2FD1FB28E76FDB00209AF9 /* XCRemoteSwiftPackageReference "firebase-ios-sdk" */ = {
			isa = XCRemoteSwiftPackageReference;
			repositoryURL = "https://github.com/firebase/firebase-ios-sdk";
			requirement = {
				kind = upToNextMajorVersion;
				minimumVersion = 9.0.0;
			};
		};
		6F2FD21028E7722700209AF9 /* XCRemoteSwiftPackageReference "Kingfisher" */ = {
			isa = XCRemoteSwiftPackageReference;
			repositoryURL = "https://github.com/onevcat/Kingfisher.git";
			requirement = {
				branch = master;
				kind = branch;
			};
		};
/* End XCRemoteSwiftPackageReference section */

/* Begin XCSwiftPackageProductDependency section */
		6F2FD1FC28E76FDB00209AF9 /* FirebaseAppCheck */ = {
			isa = XCSwiftPackageProductDependency;
			package = 6F2FD1FB28E76FDB00209AF9 /* XCRemoteSwiftPackageReference "firebase-ios-sdk" */;
			productName = FirebaseAppCheck;
		};
		6F2FD1FE28E76FDB00209AF9 /* FirebaseAuth */ = {
			isa = XCSwiftPackageProductDependency;
			package = 6F2FD1FB28E76FDB00209AF9 /* XCRemoteSwiftPackageReference "firebase-ios-sdk" */;
			productName = FirebaseAuth;
		};
		6F2FD20028E76FDB00209AF9 /* FirebaseCrashlytics */ = {
			isa = XCSwiftPackageProductDependency;
			package = 6F2FD1FB28E76FDB00209AF9 /* XCRemoteSwiftPackageReference "firebase-ios-sdk" */;
			productName = FirebaseCrashlytics;
		};
		6F2FD20228E76FDB00209AF9 /* FirebaseDatabaseSwift */ = {
			isa = XCSwiftPackageProductDependency;
			package = 6F2FD1FB28E76FDB00209AF9 /* XCRemoteSwiftPackageReference "firebase-ios-sdk" */;
			productName = FirebaseDatabaseSwift;
		};
		6F2FD20428E76FDB00209AF9 /* FirebaseFirestore */ = {
			isa = XCSwiftPackageProductDependency;
			package = 6F2FD1FB28E76FDB00209AF9 /* XCRemoteSwiftPackageReference "firebase-ios-sdk" */;
			productName = FirebaseFirestore;
		};
		6F2FD20628E76FDB00209AF9 /* FirebaseFirestoreCombine-Community */ = {
			isa = XCSwiftPackageProductDependency;
			package = 6F2FD1FB28E76FDB00209AF9 /* XCRemoteSwiftPackageReference "firebase-ios-sdk" */;
			productName = "FirebaseFirestoreCombine-Community";
		};
		6F2FD20828E76FDB00209AF9 /* FirebaseFirestoreSwift */ = {
			isa = XCSwiftPackageProductDependency;
			package = 6F2FD1FB28E76FDB00209AF9 /* XCRemoteSwiftPackageReference "firebase-ios-sdk" */;
			productName = FirebaseFirestoreSwift;
		};
		6F2FD20A28E76FDB00209AF9 /* FirebaseFunctions */ = {
			isa = XCSwiftPackageProductDependency;
			package = 6F2FD1FB28E76FDB00209AF9 /* XCRemoteSwiftPackageReference "firebase-ios-sdk" */;
			productName = FirebaseFunctions;
		};
		6F2FD20C28E76FDB00209AF9 /* FirebasePerformance */ = {
			isa = XCSwiftPackageProductDependency;
			package = 6F2FD1FB28E76FDB00209AF9 /* XCRemoteSwiftPackageReference "firebase-ios-sdk" */;
			productName = FirebasePerformance;
		};
		6F2FD20E28E76FDB00209AF9 /* FirebaseStorage */ = {
			isa = XCSwiftPackageProductDependency;
			package = 6F2FD1FB28E76FDB00209AF9 /* XCRemoteSwiftPackageReference "firebase-ios-sdk" */;
			productName = FirebaseStorage;
		};
		6F2FD21128E7722700209AF9 /* Kingfisher */ = {
			isa = XCSwiftPackageProductDependency;
			package = 6F2FD21028E7722700209AF9 /* XCRemoteSwiftPackageReference "Kingfisher" */;
			productName = Kingfisher;
		};
/* End XCSwiftPackageProductDependency section */
	};
	rootObject = 6FBF6FD028D307FD0045B3C0 /* Project object */;
}
